
Microsoft Visual Studio Solution File, Format Version 12.00
# Visual Studio Version 17
VisualStudioVersion = 17.10.35122.118
MinimumVisualStudioVersion = 10.0.40219.1
Project("{FAE04EC0-301F-11D3-BF4B-00C04F79EFBC}") = "ItemLists", "ItemLists\ItemLists.csproj", "{A1C25A20-0A4A-4B5E-95F8-75BC418510BC}"
EndProject
Project("{FAE04EC0-301F-11D3-BF4B-00C04F79EFBC}") = "TestItemList", "TestItemList\TestItemList.csproj", "{4F61284B-3915-4332-84AF-F5BAAE6CE4D6}"
EndProject
Project("{FAE04EC0-301F-11D3-BF4B-00C04F79EFBC}") = "StandardUtilities", "..\StandardUtilities\StandardUtilities.csproj", "{3BDFBD1A-7455-4732-B44B-C26642D3F61C}"
EndProject
Global
	GlobalSection(SolutionConfigurationPlatforms) = preSolution
		Debug|Any CPU = Debug|Any CPU
		Release|Any CPU = Release|Any CPU
	EndGlobalSection
	GlobalSection(ProjectConfigurationPlatforms) = postSolution
		{A1C25A20-0A4A-4B5E-95F8-75BC418510BC}.Debug|Any CPU.ActiveCfg = Debug|Any CPU
		{A1C25A20-0A4A-4B5E-95F8-75BC418510BC}.Debug|Any CPU.Build.0 = Debug|Any CPU
		{A1C25A20-0A4A-4B5E-95F8-75BC418510BC}.Release|Any CPU.ActiveCfg = Release|Any CPU
		{A1C25A20-0A4A-4B5E-95F8-75BC418510BC}.Release|Any CPU.Build.0 = Release|Any CPU
		{4F61284B-3915-4332-84AF-F5BAAE6CE4D6}.Debug|Any CPU.ActiveCfg = Debug|Any CPU
		{4F61284B-3915-4332-84AF-F5BAAE6CE4D6}.Debug|Any CPU.Build.0 = Debug|Any CPU
		{4F61284B-3915-4332-84AF-F5BAAE6CE4D6}.Release|Any CPU.ActiveCfg = Release|Any CPU
		{4F61284B-3915-4332-84AF-F5BAAE6CE4D6}.Release|Any CPU.Build.0 = Release|Any CPU
		{3BDFBD1A-7455-4732-B44B-C26642D3F61C}.Debug|Any CPU.ActiveCfg = Debug|Any CPU
		{3BDFBD1A-7455-4732-B44B-C26642D3F61C}.Debug|Any CPU.Build.0 = Debug|Any CPU
		{3BDFBD1A-7455-4732-B44B-C26642D3F61C}.Release|Any CPU.ActiveCfg = Release|Any CPU
		{3BDFBD1A-7455-4732-B44B-C26642D3F61C}.Release|Any CPU.Build.0 = Release|Any CPU
	EndGlobalSection
	GlobalSection(SolutionProperties) = preSolution
		HideSolutionNode = FALSE
	EndGlobalSection
	GlobalSection(ExtensibilityGlobals) = postSolution
		SolutionGuid = {33D121C0-5338-4909-960F-C67035617DD6}
	EndGlobalSection
EndGlobal
